
Microsoft Visual Studio Solution File, Format Version 12.00
# Visual Studio Version 17
VisualStudioVersion = 17.6.33815.320
MinimumVisualStudioVersion = 10.0.40219.1
Project("{FAE04EC0-301F-11D3-BF4B-00C04F79EFBC}") = "mf-dev-backend-2023", "mf-dev-backend-2023\mf-dev-backend-2023.csproj", "{61119559-1437-444D-A254-BC05595EBC5F}"
EndProject
Global
	GlobalSection(SolutionConfigurationPlatforms) = preSolution
		Debug|Any CPU = Debug|Any CPU
		Release|Any CPU = Release|Any CPU
	EndGlobalSection
	GlobalSection(ProjectConfigurationPlatforms) = postSolution
		{61119559-1437-444D-A254-BC05595EBC5F}.Debug|Any CPU.ActiveCfg = Debug|Any CPU
		{61119559-1437-444D-A254-BC05595EBC5F}.Debug|Any CPU.Build.0 = Debug|Any CPU
		{61119559-1437-444D-A254-BC05595EBC5F}.Release|Any CPU.ActiveCfg = Release|Any CPU
		{61119559-1437-444D-A254-BC05595EBC5F}.Release|Any CPU.Build.0 = Release|Any CPU
	EndGlobalSection
	GlobalSection(SolutionProperties) = preSolution
		HideSolutionNode = FALSE
	EndGlobalSection
	GlobalSection(ExtensibilityGlobals) = postSolution
		SolutionGuid = {D18F0EBB-4C0D-4854-9118-0C7386B6C89C}
	EndGlobalSection
EndGlobal
